
Microsoft Visual Studio Solution File, Format Version 12.00
Project("{FAE04EC0-301F-11D3-BF4B-00C04F79EFBC}") = "Queue", "Queue\Queue.csproj", "{2CEEC1E0-1FA1-49E3-B90D-F793A1B988A8}"
EndProject
Project("{FAE04EC0-301F-11D3-BF4B-00C04F79EFBC}") = "TestProject1", "TestProject1\TestProject1.csproj", "{D5C6EFFB-787D-4C91-BAD3-E9BA45FB9C3D}"
EndProject
Global
	GlobalSection(SolutionConfigurationPlatforms) = preSolution
		Debug|Any CPU = Debug|Any CPU
		Release|Any CPU = Release|Any CPU
	EndGlobalSection
	GlobalSection(ProjectConfigurationPlatforms) = postSolution
		{2CEEC1E0-1FA1-49E3-B90D-F793A1B988A8}.Debug|Any CPU.ActiveCfg = Debug|Any CPU
		{2CEEC1E0-1FA1-49E3-B90D-F793A1B988A8}.Debug|Any CPU.Build.0 = Debug|Any CPU
		{2CEEC1E0-1FA1-49E3-B90D-F793A1B988A8}.Release|Any CPU.ActiveCfg = Release|Any CPU
		{2CEEC1E0-1FA1-49E3-B90D-F793A1B988A8}.Release|Any CPU.Build.0 = Release|Any CPU
		{D5C6EFFB-787D-4C91-BAD3-E9BA45FB9C3D}.Debug|Any CPU.ActiveCfg = Debug|Any CPU
		{D5C6EFFB-787D-4C91-BAD3-E9BA45FB9C3D}.Debug|Any CPU.Build.0 = Debug|Any CPU
		{D5C6EFFB-787D-4C91-BAD3-E9BA45FB9C3D}.Release|Any CPU.ActiveCfg = Release|Any CPU
		{D5C6EFFB-787D-4C91-BAD3-E9BA45FB9C3D}.Release|Any CPU.Build.0 = Release|Any CPU
	EndGlobalSection
EndGlobal
